
Microsoft Visual Studio Solution File, Format Version 12.00
# Visual Studio Version 16
VisualStudioVersion = 16.0.33529.622
MinimumVisualStudioVersion = 10.0.40219.1
Project("{8BC9CEB8-8B4A-11D0-8D11-00A0C91BC942}") = "Project1", "Project1\Project1.vcxproj", "{800D4118-7930-4FE6-AEB3-5862C78F9CA4}"
EndProject
Global
	GlobalSection(SolutionConfigurationPlatforms) = preSolution
		Debug|x64 = Debug|x64
		Debug|x86 = Debug|x86
		Release|x64 = Release|x64
		Release|x86 = Release|x86
	EndGlobalSection
	GlobalSection(ProjectConfigurationPlatforms) = postSolution
		{800D4118-7930-4FE6-AEB3-5862C78F9CA4}.Debug|x64.ActiveCfg = Debug|x64
		{800D4118-7930-4FE6-AEB3-5862C78F9CA4}.Debug|x64.Build.0 = Debug|x64
		{800D4118-7930-4FE6-AEB3-5862C78F9CA4}.Debug|x86.ActiveCfg = Debug|Win32
		{800D4118-7930-4FE6-AEB3-5862C78F9CA4}.Debug|x86.Build.0 = Debug|Win32
		{800D4118-7930-4FE6-AEB3-5862C78F9CA4}.Release|x64.ActiveCfg = Release|x64
		{800D4118-7930-4FE6-AEB3-5862C78F9CA4}.Release|x64.Build.0 = Release|x64
		{800D4118-7930-4FE6-AEB3-5862C78F9CA4}.Release|x86.ActiveCfg = Release|Win32
		{800D4118-7930-4FE6-AEB3-5862C78F9CA4}.Release|x86.Build.0 = Release|Win32
	EndGlobalSection
	GlobalSection(SolutionProperties) = preSolution
		HideSolutionNode = FALSE
	EndGlobalSection
	GlobalSection(ExtensibilityGlobals) = postSolution
		SolutionGuid = {287BC521-C703-45D1-993F-EB9B1F500C6E}
	EndGlobalSection
EndGlobal
